// !$*UTF8*$!
{
	archiveVersion = 1;
	classes = {
	};
	objectVersion = 50;
	objects = {

/* Begin PBXBuildFile section */
		74BDC34424BF27AE0016432D /* AppDelegate.swift in Sources */ = {isa = PBXBuildFile; fileRef = 74BDC34324BF27AE0016432D /* AppDelegate.swift */; };
		74BDC34624BF27AE0016432D /* SceneDelegate.swift in Sources */ = {isa = PBXBuildFile; fileRef = 74BDC34524BF27AE0016432D /* SceneDelegate.swift */; };
		74BDC34824BF27AE0016432D /* ContentView.swift in Sources */ = {isa = PBXBuildFile; fileRef = 74BDC34724BF27AE0016432D /* ContentView.swift */; };
		74BDC34A24BF27B00016432D /* Assets.xcassets in Resources */ = {isa = PBXBuildFile; fileRef = 74BDC34924BF27B00016432D /* Assets.xcassets */; };
		74BDC34D24BF27B00016432D /* Preview Assets.xcassets in Resources */ = {isa = PBXBuildFile; fileRef = 74BDC34C24BF27B00016432D /* Preview Assets.xcassets */; };
		74BDC35024BF27B00016432D /* LaunchScreen.storyboard in Resources */ = {isa = PBXBuildFile; fileRef = 74BDC34E24BF27B00016432D /* LaunchScreen.storyboard */; };
/* End PBXBuildFile section */

/* Begin PBXFileReference section */
		74BDC34024BF27AE0016432D /* Wrapper.app */ = {isa = PBXFileReference; explicitFileType = wrapper.application; includeInIndex = 0; path = Wrapper.app; sourceTree = BUILT_PRODUCTS_DIR; };
		74BDC34324BF27AE0016432D /* AppDelegate.swift */ = {isa = PBXFileReference; lastKnownFileType = sourcecode.swift; path = AppDelegate.swift; sourceTree = "<group>"; };
		74BDC34524BF27AE0016432D /* SceneDelegate.swift */ = {isa = PBXFileReference; lastKnownFileType = sourcecode.swift; path = SceneDelegate.swift; sourceTree = "<group>"; };
		74BDC34724BF27AE0016432D /* ContentView.swift */ = {isa = PBXFileReference; lastKnownFileType = sourcecode.swift; path = ContentView.swift; sourceTree = "<group>"; };
		74BDC34924BF27B00016432D /* Assets.xcassets */ = {isa = PBXFileReference; lastKnownFileType = folder.assetcatalog; path = Assets.xcassets; sourceTree = "<group>"; };
		74BDC34C24BF27B00016432D /* Preview Assets.xcassets */ = {isa = PBXFileReference; lastKnownFileType = folder.assetcatalog; path = "Preview Assets.xcassets"; sourceTree = "<group>"; };
		74BDC34F24BF27B00016432D /* Base */ = {isa = PBXFileReference; lastKnownFileType = file.storyboard; name = Base; path = Base.lproj/LaunchScreen.storyboard; sourceTree = "<group>"; };
		74BDC35124BF27B00016432D /* Info.plist */ = {isa = PBXFileReference; lastKnownFileType = text.plist.xml; path = Info.plist; sourceTree = "<group>"; };
/* End PBXFileReference section */

/* Begin PBXFrameworksBuildPhase section */
		74BDC33D24BF27AE0016432D /* Frameworks */ = {
			isa = PBXFrameworksBuildPhase;
			buildActionMask = 2147483647;
			files = (
			);
			runOnlyForDeploymentPostprocessing = 0;
		};
/* End PBXFrameworksBuildPhase section */

/* Begin PBXGroup section */
		74BDC33724BF27AE0016432D = {
			isa = PBXGroup;
			children = (
				74BDC34224BF27AE0016432D /* Wrapper */,
				74BDC34124BF27AE0016432D /* Products */,
			);
			sourceTree = "<group>";
		};
		74BDC34124BF27AE0016432D /* Products */ = {
			isa = PBXGroup;
			children = (
				74BDC34024BF27AE0016432D /* Wrapper.app */,
			);
			name = Products;
			sourceTree = "<group>";
		};
		74BDC34224BF27AE0016432D /* Wrapper */ = {
			isa = PBXGroup;
			children = (
				74BDC34324BF27AE0016432D /* AppDelegate.swift */,
				74BDC34524BF27AE0016432D /* SceneDelegate.swift */,
				74BDC34724BF27AE0016432D /* ContentView.swift */,
				74BDC34924BF27B00016432D /* Assets.xcassets */,
				74BDC34E24BF27B00016432D /* LaunchScreen.storyboard */,
				74BDC35124BF27B00016432D /* Info.plist */,
				74BDC34B24BF27B00016432D /* Preview Content */,
			);
			path = Wrapper;
			sourceTree = "<group>";
		};
		74BDC34B24BF27B00016432D /* Preview Content */ = {
			isa = PBXGroup;
			children = (
				74BDC34C24BF27B00016432D /* Preview Assets.xcassets */,
			);
			path = "Preview Content";
			sourceTree = "<group>";
		};
/* End PBXGroup section */

/* Begin PBXNativeTarget section */
		74BDC33F24BF27AE0016432D /* Wrapper */ = {
			isa = PBXNativeTarget;
			buildConfigurationList = 74BDC35424BF27B00016432D /* Build configuration list for PBXNativeTarget "Wrapper" */;
			buildPhases = (
				74BDC33C24BF27AE0016432D /* Sources */,
				74BDC33D24BF27AE0016432D /* Frameworks */,
				74BDC33E24BF27AE0016432D /* Resources */,
			);
			buildRules = (
			);
			dependencies = (
			);
			name = Wrapper;
			productName = Wrapper;
			productReference = 74BDC34024BF27AE0016432D /* Wrapper.app */;
			productType = "com.apple.product-type.application";
		};
/* End PBXNativeTarget section */

/* Begin PBXProject section */
		74BDC33824BF27AE0016432D /* Project object */ = {
			isa = PBXProject;
			attributes = {
				LastSwiftUpdateCheck = 1200;
				LastUpgradeCheck = 1200;
				TargetAttributes = {
					74BDC33F24BF27AE0016432D = {
						CreatedOnToolsVersion = 12.0;
					};
				};
			};
			buildConfigurationList = 74BDC33B24BF27AE0016432D /* Build configuration list for PBXProject "Wrapper" */;
			compatibilityVersion = "Xcode 9.3";
			developmentRegion = en;
			hasScannedForEncodings = 0;
			knownRegions = (
				en,
				Base,
			);
			mainGroup = 74BDC33724BF27AE0016432D;
			productRefGroup = 74BDC34124BF27AE0016432D /* Products */;
			projectDirPath = "";
			projectRoot = "";
			targets = (
				74BDC33F24BF27AE0016432D /* Wrapper */,
			);
		};
/* End PBXProject section */

/* Begin PBXResourcesBuildPhase section */
		74BDC33E24BF27AE0016432D /* Resources */ = {
			isa = PBXResourcesBuildPhase;
			buildActionMask = 2147483647;
			files = (
				74BDC35024BF27B00016432D /* LaunchScreen.storyboard in Resources */,
				74BDC34D24BF27B00016432D /* Preview Assets.xcassets in Resources */,
				74BDC34A24BF27B00016432D /* Assets.xcassets in Resources */,
			);
			runOnlyForDeploymentPostprocessing = 0;
		};
/* End PBXResourcesBuildPhase section */

/* Begin PBXSourcesBuildPhase section */
		74BDC33C24BF27AE0016432D /* Sources */ = {
			isa = PBXSourcesBuildPhase;
			buildActionMask = 2147483647;
			files = (
				74BDC34424BF27AE0016432D /* AppDelegate.swift in Sources */,
				74BDC34624BF27AE0016432D /* SceneDelegate.swift in Sources */,
				74BDC34824BF27AE0016432D /* ContentView.swift in Sources */,
			);
			runOnlyForDeploymentPostprocessing = 0;
		};
/* End PBXSourcesBuildPhase section */

/* Begin PBXVariantGroup section */
		74BDC34E24BF27B00016432D /* LaunchScreen.storyboard */ = {
			isa = PBXVariantGroup;
			children = (
				74BDC34F24BF27B00016432D /* Base */,
			);
			name = LaunchScreen.storyboard;
			sourceTree = "<group>";
		};
/* End PBXVariantGroup section */

/* Begin XCBuildConfiguration section */
		74BDC35224BF27B00016432D /* Debug */ = {
			isa = XCBuildConfiguration;
			buildSettings = {
				ALWAYS_SEARCH_USER_PATHS = NO;
				CLANG_ANALYZER_NONNULL = YES;
				CLANG_ANALYZER_NUMBER_OBJECT_CONVERSION = YES_AGGRESSIVE;
				CLANG_CXX_LANGUAGE_STANDARD = "gnu++14";
				CLANG_CXX_LIBRARY = "libc++";
				CLANG_ENABLE_MODULES = YES;
				CLANG_ENABLE_OBJC_ARC = YES;
				CLANG_ENABLE_OBJC_WEAK = YES;
				CLANG_WARN_BLOCK_CAPTURE_AUTORELEASING = YES;
				CLANG_WARN_BOOL_CONVERSION = YES;
				CLANG_WARN_COMMA = YES;
				CLANG_WARN_CONSTANT_CONVERSION = YES;
				CLANG_WARN_DEPRECATED_OBJC_IMPLEMENTATIONS = YES;
				CLANG_WARN_DIRECT_OBJC_ISA_USAGE = YES_ERROR;
				CLANG_WARN_DOCUMENTATION_COMMENTS = YES;
				CLANG_WARN_EMPTY_BODY = YES;
				CLANG_WARN_ENUM_CONVERSION = YES;
				CLANG_WARN_INFINITE_RECURSION = YES;
				CLANG_WARN_INT_CONVERSION = YES;
				CLANG_WARN_NON_LITERAL_NULL_CONVERSION = YES;
				CLANG_WARN_OBJC_IMPLICIT_RETAIN_SELF = YES;
				CLANG_WARN_OBJC_LITERAL_CONVERSION = YES;
				CLANG_WARN_OBJC_ROOT_CLASS = YES_ERROR;
				CLANG_WARN_QUOTED_INCLUDE_IN_FRAMEWORK_HEADER = YES;
				CLANG_WARN_RANGE_LOOP_ANALYSIS = YES;
				CLANG_WARN_STRICT_PROTOTYPES = YES;
				CLANG_WARN_SUSPICIOUS_MOVE = YES;
				CLANG_WARN_UNGUARDED_AVAILABILITY = YES_AGGRESSIVE;
				CLANG_WARN_UNREACHABLE_CODE = YES;
				CLANG_WARN__DUPLICATE_METHOD_MATCH = YES;
				COPY_PHASE_STRIP = NO;
				DEBUG_INFORMATION_FORMAT = dwarf;
				ENABLE_STRICT_OBJC_MSGSEND = YES;
				ENABLE_TESTABILITY = YES;
				GCC_C_LANGUAGE_STANDARD = gnu11;
				GCC_DYNAMIC_NO_PIC = NO;
				GCC_NO_COMMON_BLOCKS = YES;
				GCC_OPTIMIZATION_LEVEL = 0;
				GCC_PREPROCESSOR_DEFINITIONS = (
					"DEBUG=1",
					"$(inherited)",
				);
				GCC_WARN_64_TO_32_BIT_CONVERSION = YES;
				GCC_WARN_ABOUT_RETURN_TYPE = YES_ERROR;
				GCC_WARN_UNDECLARED_SELECTOR = YES;
				GCC_WARN_UNINITIALIZED_AUTOS = YES_AGGRESSIVE;
				GCC_WARN_UNUSED_FUNCTION = YES;
				GCC_WARN_UNUSED_VARIABLE = YES;
				IPHONEOS_DEPLOYMENT_TARGET = 14.0;
				MTL_ENABLE_DEBUG_INFO = INCLUDE_SOURCE;
				MTL_FAST_MATH = YES;
				ONLY_ACTIVE_ARCH = YES;
				SDKROOT = iphoneos;
				SWIFT_ACTIVE_COMPILATION_CONDITIONS = DEBUG;
				SWIFT_OPTIMIZATION_LEVEL = "-Onone";
			};
			name = Debug;
		};
		74BDC35324BF27B00016432D /* Release */ = {
			isa = XCBuildConfiguration;
			buildSettings = {
				ALWAYS_SEARCH_USER_PATHS = NO;
				CLANG_ANALYZER_NONNULL = YES;
				CLANG_ANALYZER_NUMBER_OBJECT_CONVERSION = YES_AGGRESSIVE;
				CLANG_CXX_LANGUAGE_STANDARD = "gnu++14";
				CLANG_CXX_LIBRARY = "libc++";
				CLANG_ENABLE_MODULES = YES;
				CLANG_ENABLE_OBJC_ARC = YES;
				CLANG_ENABLE_OBJC_WEAK = YES;
				CLANG_WARN_BLOCK_CAPTURE_AUTORELEASING = YES;
				CLANG_WARN_BOOL_CONVERSION = YES;
				CLANG_WARN_COMMA = YES;
				CLANG_WARN_CONSTANT_CONVERSION = YES;
				CLANG_WARN_DEPRECATED_OBJC_IMPLEMENTATIONS = YES;
				CLANG_WARN_DIRECT_OBJC_ISA_USAGE = YES_ERROR;
				CLANG_WARN_DOCUMENTATION_COMMENTS = YES;
				CLANG_WARN_EMPTY_BODY = YES;
				CLANG_WARN_ENUM_CONVERSION = YES;
				CLANG_WARN_INFINITE_RECURSION = YES;
				CLANG_WARN_INT_CONVERSION = YES;
				CLANG_WARN_NON_LITERAL_NULL_CONVERSION = YES;
				CLANG_WARN_OBJC_IMPLICIT_RETAIN_SELF = YES;
				CLANG_WARN_OBJC_LITERAL_CONVERSION = YES;
				CLANG_WARN_OBJC_ROOT_CLASS = YES_ERROR;
				CLANG_WARN_QUOTED_INCLUDE_IN_FRAMEWORK_HEADER = YES;
				CLANG_WARN_RANGE_LOOP_ANALYSIS = YES;
				CLANG_WARN_STRICT_PROTOTYPES = YES;
				CLANG_WARN_SUSPICIOUS_MOVE = YES;
				CLANG_WARN_UNGUARDED_AVAILABILITY = YES_AGGRESSIVE;
				CLANG_WARN_UNREACHABLE_CODE = YES;
				CLANG_WARN__DUPLICATE_METHOD_MATCH = YES;
				COPY_PHASE_STRIP = NO;
				DEBUG_INFORMATION_FORMAT = "dwarf-with-dsym";
				ENABLE_NS_ASSERTIONS = NO;
				ENABLE_STRICT_OBJC_MSGSEND = YES;
				GCC_C_LANGUAGE_STANDARD = gnu11;
				GCC_NO_COMMON_BLOCKS = YES;
				GCC_WARN_64_TO_32_BIT_CONVERSION = YES;
				GCC_WARN_ABOUT_RETURN_TYPE = YES_ERROR;
				GCC_WARN_UNDECLARED_SELECTOR = YES;
				GCC_WARN_UNINITIALIZED_AUTOS = YES_AGGRESSIVE;
				GCC_WARN_UNUSED_FUNCTION = YES;
				GCC_WARN_UNUSED_VARIABLE = YES;
				IPHONEOS_DEPLOYMENT_TARGET = 14.0;
				MTL_ENABLE_DEBUG_INFO = NO;
				MTL_FAST_MATH = YES;
				SDKROOT = iphoneos;
				SWIFT_COMPILATION_MODE = wholemodule;
				SWIFT_OPTIMIZATION_LEVEL = "-O";
				VALIDATE_PRODUCT = YES;
			};
			name = Release;
		};
		74BDC35524BF27B00016432D /* Debug */ = {
			isa = XCBuildConfiguration;
			buildSettings = {
				ASSETCATALOG_COMPILER_APPICON_NAME = AppIcon;
				ASSETCATALOG_COMPILER_GLOBAL_ACCENT_COLOR_NAME = AccentColor;
				CODE_SIGN_STYLE = Automatic;
				DEVELOPMENT_ASSET_PATHS = "\"Wrapper/Preview Content\"";
				DEVELOPMENT_TEAM = 9X3HHK8VXA;
				ENABLE_PREVIEWS = YES;
				INFOPLIST_FILE = Wrapper/Info.plist;
				LD_RUNPATH_SEARCH_PATHS = (
					"$(inherited)",
					"@executable_path/Frameworks",
				);
				PRODUCT_BUNDLE_IDENTIFIER = com.piecesofmymind.iphone.Wrapper;
				PRODUCT_NAME = "$(TARGET_NAME)";
				SWIFT_VERSION = 5.0;
				TARGETED_DEVICE_FAMILY = "1,2";
			};
			name = Debug;
		};
		74BDC35624BF27B00016432D /* Release */ = {
			isa = XCBuildConfiguration;
			buildSettings = {
				ASSETCATALOG_COMPILER_APPICON_NAME = AppIcon;
				ASSETCATALOG_COMPILER_GLOBAL_ACCENT_COLOR_NAME = AccentColor;
				CODE_SIGN_STYLE = Automatic;
				DEVELOPMENT_ASSET_PATHS = "\"Wrapper/Preview Content\"";
				DEVELOPMENT_TEAM = 9X3HHK8VXA;
				ENABLE_PREVIEWS = YES;
				INFOPLIST_FILE = Wrapper/Info.plist;
				LD_RUNPATH_SEARCH_PATHS = (
					"$(inherited)",
					"@executable_path/Frameworks",
				);
				PRODUCT_BUNDLE_IDENTIFIER = com.piecesofmymind.iphone.Wrapper;
				PRODUCT_NAME = "$(TARGET_NAME)";
				SWIFT_VERSION = 5.0;
				TARGETED_DEVICE_FAMILY = "1,2";
			};
			name = Release;
		};
/* End XCBuildConfiguration section */

/* Begin XCConfigurationList section */
		74BDC33B24BF27AE0016432D /* Build configuration list for PBXProject "Wrapper" */ = {
			isa = XCConfigurationList;
			buildConfigurations = (
				74BDC35224BF27B00016432D /* Debug */,
				74BDC35324BF27B00016432D /* Release */,
			);
			defaultConfigurationIsVisible = 0;
			defaultConfigurationName = Release;
		};
		74BDC35424BF27B00016432D /* Build configuration list for PBXNativeTarget "Wrapper" */ = {
			isa = XCConfigurationList;
			buildConfigurations = (
				74BDC35524BF27B00016432D /* Debug */,
				74BDC35624BF27B00016432D /* Release */,
			);
			defaultConfigurationIsVisible = 0;
			defaultConfigurationName = Release;
		};
/* End XCConfigurationList section */
	};
	rootObject = 74BDC33824BF27AE0016432D /* Project object */;
}
